// !$*UTF8*$!
{
	archiveVersion = 1;
	classes = {
	};
	objectVersion = 46;
	objects = {

/* Begin PBXBuildFile section */
		E427E76B1E3D0E7F0014464C /* AppDelegate.swift in Sources */ = {isa = PBXBuildFile; fileRef = E427E76A1E3D0E7F0014464C /* AppDelegate.swift */; };
		E427E76D1E3D0E7F0014464C /* ViewController.swift in Sources */ = {isa = PBXBuildFile; fileRef = E427E76C1E3D0E7F0014464C /* ViewController.swift */; };
		E427E7701E3D0E7F0014464C /* Main.storyboard in Resources */ = {isa = PBXBuildFile; fileRef = E427E76E1E3D0E7F0014464C /* Main.storyboard */; };
		E427E7721E3D0E7F0014464C /* Assets.xcassets in Resources */ = {isa = PBXBuildFile; fileRef = E427E7711E3D0E7F0014464C /* Assets.xcassets */; };
		E427E7751E3D0E7F0014464C /* LaunchScreen.storyboard in Resources */ = {isa = PBXBuildFile; fileRef = E427E7731E3D0E7F0014464C /* LaunchScreen.storyboard */; };
/* End PBXBuildFile section */

/* Begin PBXFileReference section */
		E427E7671E3D0E7F0014464C /* Learn2.app */ = {isa = PBXFileReference; explicitFileType = wrapper.application; includeInIndex = 0; path = Learn2.app; sourceTree = BUILT_PRODUCTS_DIR; };
		E427E76A1E3D0E7F0014464C /* AppDelegate.swift */ = {isa = PBXFileReference; lastKnownFileType = sourcecode.swift; path = AppDelegate.swift; sourceTree = "<group>"; };
		E427E76C1E3D0E7F0014464C /* ViewController.swift */ = {isa = PBXFileReference; lastKnownFileType = sourcecode.swift; path = ViewController.swift; sourceTree = "<group>"; };
		E427E76F1E3D0E7F0014464C /* Base */ = {isa = PBXFileReference; lastKnownFileType = file.storyboard; name = Base; path = Base.lproj/Main.storyboard; sourceTree = "<group>"; };
		E427E7711E3D0E7F0014464C /* Assets.xcassets */ = {isa = PBXFileReference; lastKnownFileType = folder.assetcatalog; path = Assets.xcassets; sourceTree = "<group>"; };
		E427E7741E3D0E7F0014464C /* Base */ = {isa = PBXFileReference; lastKnownFileType = file.storyboard; name = Base; path = Base.lproj/LaunchScreen.storyboard; sourceTree = "<group>"; };
		E427E7761E3D0E7F0014464C /* Info.plist */ = {isa = PBXFileReference; lastKnownFileType = text.plist.xml; path = Info.plist; sourceTree = "<group>"; };
/* End PBXFileReference section */

/* Begin PBXFrameworksBuildPhase section */
		E427E7641E3D0E7F0014464C /* Frameworks */ = {
			isa = PBXFrameworksBuildPhase;
			buildActionMask = 2147483647;
			files = (
			);
			runOnlyForDeploymentPostprocessing = 0;
		};
/* End PBXFrameworksBuildPhase section */

/* Begin PBXGroup section */
		E427E75E1E3D0E7F0014464C = {
			isa = PBXGroup;
			children = (
				E427E7691E3D0E7F0014464C /* Learn2 */,
				E427E7681E3D0E7F0014464C /* Products */,
			);
			sourceTree = "<group>";
		};
		E427E7681E3D0E7F0014464C /* Products */ = {
			isa = PBXGroup;
			children = (
				E427E7671E3D0E7F0014464C /* Learn2.app */,
			);
			name = Products;
			sourceTree = "<group>";
		};
		E427E7691E3D0E7F0014464C /* Learn2 */ = {
			isa = PBXGroup;
			children = (
				E427E76A1E3D0E7F0014464C /* AppDelegate.swift */,
				E427E76C1E3D0E7F0014464C /* ViewController.swift */,
				E427E76E1E3D0E7F0014464C /* Main.storyboard */,
				E427E7711E3D0E7F0014464C /* Assets.xcassets */,
				E427E7731E3D0E7F0014464C /* LaunchScreen.storyboard */,
				E427E7761E3D0E7F0014464C /* Info.plist */,
			);
			path = Learn2;
			sourceTree = "<group>";
		};
/* End PBXGroup section */

/* Begin PBXNativeTarget section */
		E427E7661E3D0E7F0014464C /* Learn2 */ = {
			isa = PBXNativeTarget;
			buildConfigurationList = E427E7791E3D0E7F0014464C /* Build configuration list for PBXNativeTarget "Learn2" */;
			buildPhases = (
				E427E7631E3D0E7F0014464C /* Sources */,
				E427E7641E3D0E7F0014464C /* Frameworks */,
				E427E7651E3D0E7F0014464C /* Resources */,
			);
			buildRules = (
			);
			dependencies = (
			);
			name = Learn2;
			productName = Learn2;
			productReference = E427E7671E3D0E7F0014464C /* Learn2.app */;
			productType = "com.apple.product-type.application";
		};
/* End PBXNativeTarget section */

/* Begin PBXProject section */
		E427E75F1E3D0E7F0014464C /* Project object */ = {
			isa = PBXProject;
			attributes = {
				LastSwiftUpdateCheck = 0830;
				LastUpgradeCheck = 0830;
				ORGANIZATIONNAME = "xi guo";
				TargetAttributes = {
					E427E7661E3D0E7F0014464C = {
						CreatedOnToolsVersion = 8.3;
						ProvisioningStyle = Automatic;
					};
				};
			};
			buildConfigurationList = E427E7621E3D0E7F0014464C /* Build configuration list for PBXProject "Learn2" */;
			compatibilityVersion = "Xcode 3.2";
			developmentRegion = English;
			hasScannedForEncodings = 0;
			knownRegions = (
				en,
				Base,
			);
			mainGroup = E427E75E1E3D0E7F0014464C;
			productRefGroup = E427E7681E3D0E7F0014464C /* Products */;
			projectDirPath = "";
			projectRoot = "";
			targets = (
				E427E7661E3D0E7F0014464C /* Learn2 */,
			);
		};
/* End PBXProject section */

/* Begin PBXResourcesBuildPhase section */
		E427E7651E3D0E7F0014464C /* Resources */ = {
			isa = PBXResourcesBuildPhase;
			buildActionMask = 2147483647;
			files = (
				E427E7751E3D0E7F0014464C /* LaunchScreen.storyboard in Resources */,
				E427E7721E3D0E7F0014464C /* Assets.xcassets in Resources */,
				E427E7701E3D0E7F0014464C /* Main.storyboard in Resources */,
			);
			runOnlyForDeploymentPostprocessing = 0;
		};
/* End PBXResourcesBuildPhase section */

/* Begin PBXSourcesBuildPhase section */
		E427E7631E3D0E7F0014464C /* Sources */ = {
			isa = PBXSourcesBuildPhase;
			buildActionMask = 2147483647;
			files = (
				E427E76D1E3D0E7F0014464C /* ViewController.swift in Sources */,
				E427E76B1E3D0E7F0014464C /* AppDelegate.swift in Sources */,
			);
			runOnlyForDeploymentPostprocessing = 0;
		};
/* End PBXSourcesBuildPhase section */

/* Begin PBXVariantGroup section */
		E427E76E1E3D0E7F0014464C /* Main.storyboard */ = {
			isa = PBXVariantGroup;
			children = (
				E427E76F1E3D0E7F0014464C /* Base */,
			);
			name = Main.storyboard;
			sourceTree = "<group>";
		};
		E427E7731E3D0E7F0014464C /* LaunchScreen.storyboard */ = {
			isa = PBXVariantGroup;
			children = (
				E427E7741E3D0E7F0014464C /* Base */,
			);
			name = LaunchScreen.storyboard;
			sourceTree = "<group>";
		};
/* End PBXVariantGroup section */

/* Begin XCBuildConfiguration section */
		E427E7771E3D0E7F0014464C /* Debug */ = {
			isa = XCBuildConfiguration;
			buildSettings = {
				ALWAYS_SEARCH_USER_PATHS = NO;
				CLANG_ANALYZER_NONNULL = YES;
				CLANG_ANALYZER_NUMBER_OBJECT_CONVERSION = YES_AGGRESSIVE;
				CLANG_CXX_LANGUAGE_STANDARD = "gnu++0x";
				CLANG_CXX_LIBRARY = "libc++";
				CLANG_ENABLE_MODULES = YES;
				CLANG_ENABLE_OBJC_ARC = YES;
				CLANG_WARN_BOOL_CONVERSION = YES;
				CLANG_WARN_CONSTANT_CONVERSION = YES;
				CLANG_WARN_DIRECT_OBJC_ISA_USAGE = YES_ERROR;
				CLANG_WARN_DOCUMENTATION_COMMENTS = YES;
				CLANG_WARN_EMPTY_BODY = YES;
				CLANG_WARN_ENUM_CONVERSION = YES;
				CLANG_WARN_INFINITE_RECURSION = YES;
				CLANG_WARN_INT_CONVERSION = YES;
				CLANG_WARN_OBJC_ROOT_CLASS = YES_ERROR;
				CLANG_WARN_SUSPICIOUS_MOVE = YES;
				CLANG_WARN_UNREACHABLE_CODE = YES;
				CLANG_WARN__DUPLICATE_METHOD_MATCH = YES;
				"CODE_SIGN_IDENTITY[sdk=iphoneos*]" = "iPhone Developer";
				COPY_PHASE_STRIP = NO;
				DEBUG_INFORMATION_FORMAT = dwarf;
				ENABLE_STRICT_OBJC_MSGSEND = YES;
				ENABLE_TESTABILITY = YES;
				GCC_C_LANGUAGE_STANDARD = gnu99;
				GCC_DYNAMIC_NO_PIC = NO;
				GCC_NO_COMMON_BLOCKS = YES;
				GCC_OPTIMIZATION_LEVEL = 0;
				GCC_PREPROCESSOR_DEFINITIONS = (
					"DEBUG=1",
					"$(inherited)",
				);
				GCC_WARN_64_TO_32_BIT_CONVERSION = YES;
				GCC_WARN_ABOUT_RETURN_TYPE = YES_ERROR;
				GCC_WARN_UNDECLARED_SELECTOR = YES;
				GCC_WARN_UNINITIALIZED_AUTOS = YES_AGGRESSIVE;
				GCC_WARN_UNUSED_FUNCTION = YES;
				GCC_WARN_UNUSED_VARIABLE = YES;
				IPHONEOS_DEPLOYMENT_TARGET = 10.3;
				MTL_ENABLE_DEBUG_INFO = YES;
				ONLY_ACTIVE_ARCH = YES;
				SDKROOT = iphoneos;
				SWIFT_ACTIVE_COMPILATION_CONDITIONS = DEBUG;
				SWIFT_OPTIMIZATION_LEVEL = "-Onone";
				TARGETED_DEVICE_FAMILY = "1,2";
			};
			name = Debug;
		};
		E427E7781E3D0E7F0014464C /* Release */ = {
			isa = XCBuildConfiguration;
			buildSettings = {
				ALWAYS_SEARCH_USER_PATHS = NO;
				CLANG_ANALYZER_NONNULL = YES;
				CLANG_ANALYZER_NUMBER_OBJECT_CONVERSION = YES_AGGRESSIVE;
				CLANG_CXX_LANGUAGE_STANDARD = "gnu++0x";
				CLANG_CXX_LIBRARY = "libc++";
				CLANG_ENABLE_MODULES = YES;
				CLANG_ENABLE_OBJC_ARC = YES;
				CLANG_WARN_BOOL_CONVERSION = YES;
				CLANG_WARN_CONSTANT_CONVERSION = YES;
				CLANG_WARN_DIRECT_OBJC_ISA_USAGE = YES_ERROR;
				CLANG_WARN_DOCUMENTATION_COMMENTS = YES;
				CLANG_WARN_EMPTY_BODY = YES;
				CLANG_WARN_ENUM_CONVERSION = YES;
				CLANG_WARN_INFINITE_RECURSION = YES;
				CLANG_WARN_INT_CONVERSION = YES;
				CLANG_WARN_OBJC_ROOT_CLASS = YES_ERROR;
				CLANG_WARN_SUSPICIOUS_MOVE = YES;
				CLANG_WARN_UNREACHABLE_CODE = YES;
				CLANG_WARN__DUPLICATE_METHOD_MATCH = YES;
				"CODE_SIGN_IDENTITY[sdk=iphoneos*]" = "iPhone Developer";
				COPY_PHASE_STRIP = NO;
				DEBUG_INFORMATION_FORMAT = "dwarf-with-dsym";
				ENABLE_NS_ASSERTIONS = NO;
				ENABLE_STRICT_OBJC_MSGSEND = YES;
				GCC_C_LANGUAGE_STANDARD = gnu99;
				GCC_NO_COMMON_BLOCKS = YES;
				GCC_WARN_64_TO_32_BIT_CONVERSION = YES;
				GCC_WARN_ABOUT_RETURN_TYPE = YES_ERROR;
				GCC_WARN_UNDECLARED_SELECTOR = YES;
				GCC_WARN_UNINITIALIZED_AUTOS = YES_AGGRESSIVE;
				GCC_WARN_UNUSED_FUNCTION = YES;
				GCC_WARN_UNUSED_VARIABLE = YES;
				IPHONEOS_DEPLOYMENT_TARGET = 10.3;
				MTL_ENABLE_DEBUG_INFO = NO;
				SDKROOT = iphoneos;
				SWIFT_OPTIMIZATION_LEVEL = "-Owholemodule";
				TARGETED_DEVICE_FAMILY = "1,2";
				VALIDATE_PRODUCT = YES;
			};
			name = Release;
		};
		E427E77A1E3D0E7F0014464C /* Debug */ = {
			isa = XCBuildConfiguration;
			buildSettings = {
				ASSETCATALOG_COMPILER_APPICON_NAME = AppIcon;
				INFOPLIST_FILE = Learn2/Info.plist;
				LD_RUNPATH_SEARCH_PATHS = "$(inherited) @executable_path/Frameworks";
				PRODUCT_BUNDLE_IDENTIFIER = LH.Learn2;
				PRODUCT_NAME = "$(TARGET_NAME)";
				SWIFT_VERSION = 3.0;
			};
			name = Debug;
		};
		E427E77B1E3D0E7F0014464C /* Release */ = {
			isa = XCBuildConfiguration;
			buildSettings = {
				ASSETCATALOG_COMPILER_APPICON_NAME = AppIcon;
				INFOPLIST_FILE = Learn2/Info.plist;
				LD_RUNPATH_SEARCH_PATHS = "$(inherited) @executable_path/Frameworks";
				PRODUCT_BUNDLE_IDENTIFIER = LH.Learn2;
				PRODUCT_NAME = "$(TARGET_NAME)";
				SWIFT_VERSION = 3.0;
			};
			name = Release;
		};
/* End XCBuildConfiguration section */

/* Begin XCConfigurationList section */
		E427E7621E3D0E7F0014464C /* Build configuration list for PBXProject "Learn2" */ = {
			isa = XCConfigurationList;
			buildConfigurations = (
				E427E7771E3D0E7F0014464C /* Debug */,
				E427E7781E3D0E7F0014464C /* Release */,
			);
			defaultConfigurationIsVisible = 0;
			defaultConfigurationName = Release;
		};
		E427E7791E3D0E7F0014464C /* Build configuration list for PBXNativeTarget "Learn2" */ = {
			isa = XCConfigurationList;
			buildConfigurations = (
				E427E77A1E3D0E7F0014464C /* Debug */,
				E427E77B1E3D0E7F0014464C /* Release */,
			);
			defaultConfigurationIsVisible = 0;
		};
/* End XCConfigurationList section */
	};
	rootObject = E427E75F1E3D0E7F0014464C /* Project object */;
}
